
Microsoft Visual Studio Solution File, Format Version 12.00
# Visual Studio Version 16
VisualStudioVersion = 16.0.29709.97
MinimumVisualStudioVersion = 10.0.40219.1
Project("{FAE04EC0-301F-11D3-BF4B-00C04F79EFBC}") = "While21", "While21\While21.csproj", "{508332FC-9515-4CAB-B65E-ADFD12A5D2BF}"
EndProject
Global
	GlobalSection(SolutionConfigurationPlatforms) = preSolution
		Debug|Any CPU = Debug|Any CPU
		Release|Any CPU = Release|Any CPU
	EndGlobalSection
	GlobalSection(ProjectConfigurationPlatforms) = postSolution
		{508332FC-9515-4CAB-B65E-ADFD12A5D2BF}.Debug|Any CPU.ActiveCfg = Debug|Any CPU
		{508332FC-9515-4CAB-B65E-ADFD12A5D2BF}.Debug|Any CPU.Build.0 = Debug|Any CPU
		{508332FC-9515-4CAB-B65E-ADFD12A5D2BF}.Release|Any CPU.ActiveCfg = Release|Any CPU
		{508332FC-9515-4CAB-B65E-ADFD12A5D2BF}.Release|Any CPU.Build.0 = Release|Any CPU
	EndGlobalSection
	GlobalSection(SolutionProperties) = preSolution
		HideSolutionNode = FALSE
	EndGlobalSection
	GlobalSection(ExtensibilityGlobals) = postSolution
		SolutionGuid = {9DEFE403-B5F1-47F4-96D4-872929A9EBB2}
	EndGlobalSection
EndGlobal
