
Microsoft Visual Studio Solution File, Format Version 12.00
# Visual Studio Version 16
VisualStudioVersion = 16.0.29613.14
MinimumVisualStudioVersion = 10.0.40219.1
Project("{FAE04EC0-301F-11D3-BF4B-00C04F79EFBC}") = "Array58", "Array58\Array58.csproj", "{D150B6E2-C84E-4C9B-97E2-26E78AB764D3}"
EndProject
Global
	GlobalSection(SolutionConfigurationPlatforms) = preSolution
		Debug|Any CPU = Debug|Any CPU
		Release|Any CPU = Release|Any CPU
	EndGlobalSection
	GlobalSection(ProjectConfigurationPlatforms) = postSolution
		{D150B6E2-C84E-4C9B-97E2-26E78AB764D3}.Debug|Any CPU.ActiveCfg = Debug|Any CPU
		{D150B6E2-C84E-4C9B-97E2-26E78AB764D3}.Debug|Any CPU.Build.0 = Debug|Any CPU
		{D150B6E2-C84E-4C9B-97E2-26E78AB764D3}.Release|Any CPU.ActiveCfg = Release|Any CPU
		{D150B6E2-C84E-4C9B-97E2-26E78AB764D3}.Release|Any CPU.Build.0 = Release|Any CPU
	EndGlobalSection
	GlobalSection(SolutionProperties) = preSolution
		HideSolutionNode = FALSE
	EndGlobalSection
	GlobalSection(ExtensibilityGlobals) = postSolution
		SolutionGuid = {BDFBF109-2210-42C3-9BDA-5AF3DADFA20B}
	EndGlobalSection
EndGlobal
