
Microsoft Visual Studio Solution File, Format Version 12.00
# Visual Studio Version 16
VisualStudioVersion = 16.0.29613.14
MinimumVisualStudioVersion = 10.0.40219.1
Project("{FAE04EC0-301F-11D3-BF4B-00C04F79EFBC}") = "Array80", "Array80\Array80.csproj", "{22BFC052-8C8D-4572-81DC-835C9F09A030}"
EndProject
Global
	GlobalSection(SolutionConfigurationPlatforms) = preSolution
		Debug|Any CPU = Debug|Any CPU
		Release|Any CPU = Release|Any CPU
	EndGlobalSection
	GlobalSection(ProjectConfigurationPlatforms) = postSolution
		{22BFC052-8C8D-4572-81DC-835C9F09A030}.Debug|Any CPU.ActiveCfg = Debug|Any CPU
		{22BFC052-8C8D-4572-81DC-835C9F09A030}.Debug|Any CPU.Build.0 = Debug|Any CPU
		{22BFC052-8C8D-4572-81DC-835C9F09A030}.Release|Any CPU.ActiveCfg = Release|Any CPU
		{22BFC052-8C8D-4572-81DC-835C9F09A030}.Release|Any CPU.Build.0 = Release|Any CPU
	EndGlobalSection
	GlobalSection(SolutionProperties) = preSolution
		HideSolutionNode = FALSE
	EndGlobalSection
	GlobalSection(ExtensibilityGlobals) = postSolution
		SolutionGuid = {880C9E94-D959-4ADA-BCAB-BC41F6C9C4A3}
	EndGlobalSection
EndGlobal
