
Microsoft Visual Studio Solution File, Format Version 12.00
# Visual Studio Version 16
VisualStudioVersion = 16.0.29709.97
MinimumVisualStudioVersion = 10.0.40219.1
Project("{FAE04EC0-301F-11D3-BF4B-00C04F79EFBC}") = "WpfApp1", "WpfApp1\WpfApp1.csproj", "{B1340953-AA88-4156-8CC7-E7E544AA95F7}"
EndProject
Global
	GlobalSection(SolutionConfigurationPlatforms) = preSolution
		Debug|Any CPU = Debug|Any CPU
		Release|Any CPU = Release|Any CPU
	EndGlobalSection
	GlobalSection(ProjectConfigurationPlatforms) = postSolution
		{B1340953-AA88-4156-8CC7-E7E544AA95F7}.Debug|Any CPU.ActiveCfg = Debug|Any CPU
		{B1340953-AA88-4156-8CC7-E7E544AA95F7}.Debug|Any CPU.Build.0 = Debug|Any CPU
		{B1340953-AA88-4156-8CC7-E7E544AA95F7}.Release|Any CPU.ActiveCfg = Release|Any CPU
		{B1340953-AA88-4156-8CC7-E7E544AA95F7}.Release|Any CPU.Build.0 = Release|Any CPU
	EndGlobalSection
	GlobalSection(SolutionProperties) = preSolution
		HideSolutionNode = FALSE
	EndGlobalSection
	GlobalSection(ExtensibilityGlobals) = postSolution
		SolutionGuid = {9B6EC247-306E-4F4C-97BB-8F81F0EFF127}
	EndGlobalSection
EndGlobal
